// !$*UTF8*$!
{
	archiveVersion = 1;
	classes = {
	};
	objectVersion = 48;
	objects = {

/* Begin PBXBuildFile section */
		7E04B9931FAABE97009D3D3E /* PrintJSON.swift in Sources */ = {isa = PBXBuildFile; fileRef = 7E04B9921FAABE97009D3D3E /* PrintJSON.swift */; };
		7EDBCB5D1F8134C500304B34 /* AppDelegate.swift in Sources */ = {isa = PBXBuildFile; fileRef = 7EDBCB5C1F8134C500304B34 /* AppDelegate.swift */; };
		7EDBCB5F1F8134C500304B34 /* ViewController.swift in Sources */ = {isa = PBXBuildFile; fileRef = 7EDBCB5E1F8134C500304B34 /* ViewController.swift */; };
		7EDBCB621F8134C500304B34 /* Main.storyboard in Resources */ = {isa = PBXBuildFile; fileRef = 7EDBCB601F8134C500304B34 /* Main.storyboard */; };
		7EDBCB641F8134C500304B34 /* Assets.xcassets in Resources */ = {isa = PBXBuildFile; fileRef = 7EDBCB631F8134C500304B34 /* Assets.xcassets */; };
		7EDBCB671F8134C500304B34 /* LaunchScreen.storyboard in Resources */ = {isa = PBXBuildFile; fileRef = 7EDBCB651F8134C500304B34 /* LaunchScreen.storyboard */; };
/* End PBXBuildFile section */

/* Begin PBXFileReference section */
		7E04B9921FAABE97009D3D3E /* PrintJSON.swift */ = {isa = PBXFileReference; fileEncoding = 4; lastKnownFileType = sourcecode.swift; name = PrintJSON.swift; path = ../../../Source/PrintJSON.swift; sourceTree = "<group>"; };
		7EDBCB591F8134C500304B34 /* printJSON_example.app */ = {isa = PBXFileReference; explicitFileType = wrapper.application; includeInIndex = 0; path = printJSON_example.app; sourceTree = BUILT_PRODUCTS_DIR; };
		7EDBCB5C1F8134C500304B34 /* AppDelegate.swift */ = {isa = PBXFileReference; lastKnownFileType = sourcecode.swift; path = AppDelegate.swift; sourceTree = "<group>"; };
		7EDBCB5E1F8134C500304B34 /* ViewController.swift */ = {isa = PBXFileReference; lastKnownFileType = sourcecode.swift; path = ViewController.swift; sourceTree = "<group>"; };
		7EDBCB611F8134C500304B34 /* Base */ = {isa = PBXFileReference; lastKnownFileType = file.storyboard; name = Base; path = Base.lproj/Main.storyboard; sourceTree = "<group>"; };
		7EDBCB631F8134C500304B34 /* Assets.xcassets */ = {isa = PBXFileReference; lastKnownFileType = folder.assetcatalog; path = Assets.xcassets; sourceTree = "<group>"; };
		7EDBCB661F8134C500304B34 /* Base */ = {isa = PBXFileReference; lastKnownFileType = file.storyboard; name = Base; path = Base.lproj/LaunchScreen.storyboard; sourceTree = "<group>"; };
		7EDBCB681F8134C500304B34 /* Info.plist */ = {isa = PBXFileReference; lastKnownFileType = text.plist.xml; path = Info.plist; sourceTree = "<group>"; };
/* End PBXFileReference section */

/* Begin PBXFrameworksBuildPhase section */
		7EDBCB561F8134C500304B34 /* Frameworks */ = {
			isa = PBXFrameworksBuildPhase;
			buildActionMask = 2147483647;
			files = (
			);
			runOnlyForDeploymentPostprocessing = 0;
		};
/* End PBXFrameworksBuildPhase section */

/* Begin PBXGroup section */
		7E04B9911FAABE7A009D3D3E /* Classes */ = {
			isa = PBXGroup;
			children = (
				7E04B9921FAABE97009D3D3E /* PrintJSON.swift */,
			);
			path = Classes;
			sourceTree = "<group>";
		};
		7E41A4451FAABCED005D9943 /* Storyboards */ = {
			isa = PBXGroup;
			children = (
				7EDBCB601F8134C500304B34 /* Main.storyboard */,
				7EDBCB651F8134C500304B34 /* LaunchScreen.storyboard */,
			);
			path = Storyboards;
			sourceTree = "<group>";
		};
		7E41A4461FAABCFB005D9943 /* ViewControllers */ = {
			isa = PBXGroup;
			children = (
				7EDBCB5E1F8134C500304B34 /* ViewController.swift */,
			);
			path = ViewControllers;
			sourceTree = "<group>";
		};
		7EDBCB501F8134C500304B34 = {
			isa = PBXGroup;
			children = (
				7EDBCB5B1F8134C500304B34 /* printJSON_example_app */,
				7EDBCB5A1F8134C500304B34 /* Products */,
			);
			sourceTree = "<group>";
		};
		7EDBCB5A1F8134C500304B34 /* Products */ = {
			isa = PBXGroup;
			children = (
				7EDBCB591F8134C500304B34 /* printJSON_example.app */,
			);
			name = Products;
			sourceTree = "<group>";
		};
		7EDBCB5B1F8134C500304B34 /* printJSON_example_app */ = {
			isa = PBXGroup;
			children = (
				7EDBCB5C1F8134C500304B34 /* AppDelegate.swift */,
				7EDBCB681F8134C500304B34 /* Info.plist */,
				7EDBCB631F8134C500304B34 /* Assets.xcassets */,
				7E41A4451FAABCED005D9943 /* Storyboards */,
				7E41A4461FAABCFB005D9943 /* ViewControllers */,
				7E04B9911FAABE7A009D3D3E /* Classes */,
			);
			path = printJSON_example_app;
			sourceTree = "<group>";
		};
/* End PBXGroup section */

/* Begin PBXNativeTarget section */
		7EDBCB581F8134C500304B34 /* printJSON_example */ = {
			isa = PBXNativeTarget;
			buildConfigurationList = 7EDBCB811F8134C500304B34 /* Build configuration list for PBXNativeTarget "printJSON_example" */;
			buildPhases = (
				7EDBCB551F8134C500304B34 /* Sources */,
				7EDBCB561F8134C500304B34 /* Frameworks */,
				7EDBCB571F8134C500304B34 /* Resources */,
			);
			buildRules = (
			);
			dependencies = (
			);
			name = printJSON_example;
			productName = printJSON_example_app;
			productReference = 7EDBCB591F8134C500304B34 /* printJSON_example.app */;
			productType = "com.apple.product-type.application";
		};
/* End PBXNativeTarget section */

/* Begin PBXProject section */
		7EDBCB511F8134C500304B34 /* Project object */ = {
			isa = PBXProject;
			attributes = {
				LastSwiftUpdateCheck = 0910;
				LastUpgradeCheck = 0900;
				ORGANIZATIONNAME = "Gene Crucean";
				TargetAttributes = {
					7EDBCB581F8134C500304B34 = {
						CreatedOnToolsVersion = 9.0;
						LastSwiftMigration = 0910;
						ProvisioningStyle = Automatic;
					};
				};
			};
			buildConfigurationList = 7EDBCB541F8134C500304B34 /* Build configuration list for PBXProject "printJSON_example_app" */;
			compatibilityVersion = "Xcode 8.0";
			developmentRegion = en;
			hasScannedForEncodings = 0;
			knownRegions = (
				en,
				Base,
			);
			mainGroup = 7EDBCB501F8134C500304B34;
			productRefGroup = 7EDBCB5A1F8134C500304B34 /* Products */;
			projectDirPath = "";
			projectRoot = "";
			targets = (
				7EDBCB581F8134C500304B34 /* printJSON_example */,
			);
		};
/* End PBXProject section */

/* Begin PBXResourcesBuildPhase section */
		7EDBCB571F8134C500304B34 /* Resources */ = {
			isa = PBXResourcesBuildPhase;
			buildActionMask = 2147483647;
			files = (
				7EDBCB671F8134C500304B34 /* LaunchScreen.storyboard in Resources */,
				7EDBCB641F8134C500304B34 /* Assets.xcassets in Resources */,
				7EDBCB621F8134C500304B34 /* Main.storyboard in Resources */,
			);
			runOnlyForDeploymentPostprocessing = 0;
		};
/* End PBXResourcesBuildPhase section */

/* Begin PBXSourcesBuildPhase section */
		7EDBCB551F8134C500304B34 /* Sources */ = {
			isa = PBXSourcesBuildPhase;
			buildActionMask = 2147483647;
			files = (
				7EDBCB5F1F8134C500304B34 /* ViewController.swift in Sources */,
				7EDBCB5D1F8134C500304B34 /* AppDelegate.swift in Sources */,
				7E04B9931FAABE97009D3D3E /* PrintJSON.swift in Sources */,
			);
			runOnlyForDeploymentPostprocessing = 0;
		};
/* End PBXSourcesBuildPhase section */

/* Begin PBXVariantGroup section */
		7EDBCB601F8134C500304B34 /* Main.storyboard */ = {
			isa = PBXVariantGroup;
			children = (
				7EDBCB611F8134C500304B34 /* Base */,
			);
			name = Main.storyboard;
			sourceTree = "<group>";
		};
		7EDBCB651F8134C500304B34 /* LaunchScreen.storyboard */ = {
			isa = PBXVariantGroup;
			children = (
				7EDBCB661F8134C500304B34 /* Base */,
			);
			name = LaunchScreen.storyboard;
			sourceTree = "<group>";
		};
/* End PBXVariantGroup section */

/* Begin XCBuildConfiguration section */
		7EDBCB7F1F8134C500304B34 /* Debug */ = {
			isa = XCBuildConfiguration;
			buildSettings = {
				ALWAYS_SEARCH_USER_PATHS = NO;
				CLANG_ANALYZER_NONNULL = YES;
				CLANG_ANALYZER_NUMBER_OBJECT_CONVERSION = YES_AGGRESSIVE;
				CLANG_CXX_LANGUAGE_STANDARD = "gnu++14";
				CLANG_CXX_LIBRARY = "libc++";
				CLANG_ENABLE_MODULES = YES;
				CLANG_ENABLE_OBJC_ARC = YES;
				CLANG_WARN_BLOCK_CAPTURE_AUTORELEASING = YES;
				CLANG_WARN_BOOL_CONVERSION = YES;
				CLANG_WARN_COMMA = YES;
				CLANG_WARN_CONSTANT_CONVERSION = YES;
				CLANG_WARN_DIRECT_OBJC_ISA_USAGE = YES_ERROR;
				CLANG_WARN_DOCUMENTATION_COMMENTS = YES;
				CLANG_WARN_EMPTY_BODY = YES;
				CLANG_WARN_ENUM_CONVERSION = YES;
				CLANG_WARN_INFINITE_RECURSION = YES;
				CLANG_WARN_INT_CONVERSION = YES;
				CLANG_WARN_NON_LITERAL_NULL_CONVERSION = YES;
				CLANG_WARN_OBJC_LITERAL_CONVERSION = YES;
				CLANG_WARN_OBJC_ROOT_CLASS = YES_ERROR;
				CLANG_WARN_RANGE_LOOP_ANALYSIS = YES;
				CLANG_WARN_STRICT_PROTOTYPES = YES;
				CLANG_WARN_SUSPICIOUS_MOVE = YES;
				CLANG_WARN_UNGUARDED_AVAILABILITY = YES_AGGRESSIVE;
				CLANG_WARN_UNREACHABLE_CODE = YES;
				CLANG_WARN__DUPLICATE_METHOD_MATCH = YES;
				CODE_SIGN_IDENTITY = "iPhone Developer";
				COPY_PHASE_STRIP = NO;
				DEBUG_INFORMATION_FORMAT = dwarf;
				ENABLE_STRICT_OBJC_MSGSEND = YES;
				ENABLE_TESTABILITY = YES;
				GCC_C_LANGUAGE_STANDARD = gnu11;
				GCC_DYNAMIC_NO_PIC = NO;
				GCC_NO_COMMON_BLOCKS = YES;
				GCC_OPTIMIZATION_LEVEL = 0;
				GCC_PREPROCESSOR_DEFINITIONS = (
					"DEBUG=1",
					"$(inherited)",
				);
				GCC_WARN_64_TO_32_BIT_CONVERSION = YES;
				GCC_WARN_ABOUT_RETURN_TYPE = YES_ERROR;
				GCC_WARN_UNDECLARED_SELECTOR = YES;
				GCC_WARN_UNINITIALIZED_AUTOS = YES_AGGRESSIVE;
				GCC_WARN_UNUSED_FUNCTION = YES;
				GCC_WARN_UNUSED_VARIABLE = YES;
				IPHONEOS_DEPLOYMENT_TARGET = 11.0;
				MTL_ENABLE_DEBUG_INFO = YES;
				ONLY_ACTIVE_ARCH = YES;
				SDKROOT = iphoneos;
				SWIFT_ACTIVE_COMPILATION_CONDITIONS = DEBUG;
				SWIFT_OPTIMIZATION_LEVEL = "-Onone";
			};
			name = Debug;
		};
		7EDBCB801F8134C500304B34 /* Release */ = {
			isa = XCBuildConfiguration;
			buildSettings = {
				ALWAYS_SEARCH_USER_PATHS = NO;
				CLANG_ANALYZER_NONNULL = YES;
				CLANG_ANALYZER_NUMBER_OBJECT_CONVERSION = YES_AGGRESSIVE;
				CLANG_CXX_LANGUAGE_STANDARD = "gnu++14";
				CLANG_CXX_LIBRARY = "libc++";
				CLANG_ENABLE_MODULES = YES;
				CLANG_ENABLE_OBJC_ARC = YES;
				CLANG_WARN_BLOCK_CAPTURE_AUTORELEASING = YES;
				CLANG_WARN_BOOL_CONVERSION = YES;
				CLANG_WARN_COMMA = YES;
				CLANG_WARN_CONSTANT_CONVERSION = YES;
				CLANG_WARN_DIRECT_OBJC_ISA_USAGE = YES_ERROR;
				CLANG_WARN_DOCUMENTATION_COMMENTS = YES;
				CLANG_WARN_EMPTY_BODY = YES;
				CLANG_WARN_ENUM_CONVERSION = YES;
				CLANG_WARN_INFINITE_RECURSION = YES;
				CLANG_WARN_INT_CONVERSION = YES;
				CLANG_WARN_NON_LITERAL_NULL_CONVERSION = YES;
				CLANG_WARN_OBJC_LITERAL_CONVERSION = YES;
				CLANG_WARN_OBJC_ROOT_CLASS = YES_ERROR;
				CLANG_WARN_RANGE_LOOP_ANALYSIS = YES;
				CLANG_WARN_STRICT_PROTOTYPES = YES;
				CLANG_WARN_SUSPICIOUS_MOVE = YES;
				CLANG_WARN_UNGUARDED_AVAILABILITY = YES_AGGRESSIVE;
				CLANG_WARN_UNREACHABLE_CODE = YES;
				CLANG_WARN__DUPLICATE_METHOD_MATCH = YES;
				CODE_SIGN_IDENTITY = "iPhone Developer";
				COPY_PHASE_STRIP = NO;
				DEBUG_INFORMATION_FORMAT = "dwarf-with-dsym";
				ENABLE_NS_ASSERTIONS = NO;
				ENABLE_STRICT_OBJC_MSGSEND = YES;
				GCC_C_LANGUAGE_STANDARD = gnu11;
				GCC_NO_COMMON_BLOCKS = YES;
				GCC_WARN_64_TO_32_BIT_CONVERSION = YES;
				GCC_WARN_ABOUT_RETURN_TYPE = YES_ERROR;
				GCC_WARN_UNDECLARED_SELECTOR = YES;
				GCC_WARN_UNINITIALIZED_AUTOS = YES_AGGRESSIVE;
				GCC_WARN_UNUSED_FUNCTION = YES;
				GCC_WARN_UNUSED_VARIABLE = YES;
				IPHONEOS_DEPLOYMENT_TARGET = 11.0;
				MTL_ENABLE_DEBUG_INFO = NO;
				SDKROOT = iphoneos;
				SWIFT_OPTIMIZATION_LEVEL = "-Owholemodule";
				VALIDATE_PRODUCT = YES;
			};
			name = Release;
		};
		7EDBCB821F8134C500304B34 /* Debug */ = {
			isa = XCBuildConfiguration;
			buildSettings = {
				ASSETCATALOG_COMPILER_APPICON_NAME = AppIcon;
				CODE_SIGN_STYLE = Automatic;
				DEVELOPMENT_TEAM = 634BMM2SZM;
				INFOPLIST_FILE = printJSON_example_app/Info.plist;
				LD_RUNPATH_SEARCH_PATHS = "$(inherited) @executable_path/Frameworks";
				PRODUCT_BUNDLE_IDENTIFIER = "com.genecrucean.printJSON-example-app";
				PRODUCT_NAME = "$(TARGET_NAME)";
				SWIFT_SWIFT3_OBJC_INFERENCE = Default;
				SWIFT_VERSION = 4.0;
				TARGETED_DEVICE_FAMILY = "1,2";
			};
			name = Debug;
		};
		7EDBCB831F8134C500304B34 /* Release */ = {
			isa = XCBuildConfiguration;
			buildSettings = {
				ASSETCATALOG_COMPILER_APPICON_NAME = AppIcon;
				CODE_SIGN_STYLE = Automatic;
				DEVELOPMENT_TEAM = 634BMM2SZM;
				INFOPLIST_FILE = printJSON_example_app/Info.plist;
				LD_RUNPATH_SEARCH_PATHS = "$(inherited) @executable_path/Frameworks";
				PRODUCT_BUNDLE_IDENTIFIER = "com.genecrucean.printJSON-example-app";
				PRODUCT_NAME = "$(TARGET_NAME)";
				SWIFT_SWIFT3_OBJC_INFERENCE = Default;
				SWIFT_VERSION = 4.0;
				TARGETED_DEVICE_FAMILY = "1,2";
			};
			name = Release;
		};
/* End XCBuildConfiguration section */

/* Begin XCConfigurationList section */
		7EDBCB541F8134C500304B34 /* Build configuration list for PBXProject "printJSON_example_app" */ = {
			isa = XCConfigurationList;
			buildConfigurations = (
				7EDBCB7F1F8134C500304B34 /* Debug */,
				7EDBCB801F8134C500304B34 /* Release */,
			);
			defaultConfigurationIsVisible = 0;
			defaultConfigurationName = Release;
		};
		7EDBCB811F8134C500304B34 /* Build configuration list for PBXNativeTarget "printJSON_example" */ = {
			isa = XCConfigurationList;
			buildConfigurations = (
				7EDBCB821F8134C500304B34 /* Debug */,
				7EDBCB831F8134C500304B34 /* Release */,
			);
			defaultConfigurationIsVisible = 0;
			defaultConfigurationName = Release;
		};
/* End XCConfigurationList section */
	};
	rootObject = 7EDBCB511F8134C500304B34 /* Project object */;
}
